
Microsoft Visual Studio Solution File, Format Version 12.00
# Visual Studio Version 17
VisualStudioVersion = 17.2.32602.215
MinimumVisualStudioVersion = 10.0.40219.1
Project("{FAE04EC0-301F-11D3-BF4B-00C04F79EFBC}") = "Day14", "Day14.csproj", "{B48A2018-8A08-4D95-8C27-8E41B4101E08}"
EndProject
Global
	GlobalSection(SolutionConfigurationPlatforms) = preSolution
		Debug|Any CPU = Debug|Any CPU
		Release|Any CPU = Release|Any CPU
	EndGlobalSection
	GlobalSection(ProjectConfigurationPlatforms) = postSolution
		{B48A2018-8A08-4D95-8C27-8E41B4101E08}.Debug|Any CPU.ActiveCfg = Debug|Any CPU
		{B48A2018-8A08-4D95-8C27-8E41B4101E08}.Debug|Any CPU.Build.0 = Debug|Any CPU
		{B48A2018-8A08-4D95-8C27-8E41B4101E08}.Release|Any CPU.ActiveCfg = Release|Any CPU
		{B48A2018-8A08-4D95-8C27-8E41B4101E08}.Release|Any CPU.Build.0 = Release|Any CPU
	EndGlobalSection
	GlobalSection(SolutionProperties) = preSolution
		HideSolutionNode = FALSE
	EndGlobalSection
	GlobalSection(ExtensibilityGlobals) = postSolution
		SolutionGuid = {AE87A8FD-D843-4686-823D-2741658156A2}
	EndGlobalSection
EndGlobal
